# This file is autogenerated, do not edit; changes may be undone by the next 'dep ensure'.


[[projects]]
  branch = "master"
  name = "github.com/zengming00/go-qps"
  packages = ["."]
  revision = "efbe3bb20c77f0fdd1f653585686622f569fe351"

[solve-meta]
  analyzer-name = "dep"
  analyzer-version = 1
  inputs-digest = "9d6627fce815a2422b6fdd52a6a03bd9852fed8b2ac1f764975c4768160661bd"
  solver-name = "gps-cdcl"
  solver-version = 1
